// !$*UTF8*$!
{
	archiveVersion = 1;
	classes = {
	};
	objectVersion = 46;
	objects = {

/* Begin PBXBuildFile section */
		3D59C4CDF47A4BB1D9A9685D /* Pods_Scope.framework in Frameworks */ = {isa = PBXBuildFile; fileRef = 91F64D6EAF8CD4F017899622 /* Pods_Scope.framework */; };
		E847E1141E267B1600337EE3 /* AppDelegate.swift in Sources */ = {isa = PBXBuildFile; fileRef = E847E1131E267B1600337EE3 /* AppDelegate.swift */; };
		E847E1161E267B1600337EE3 /* ViewController.swift in Sources */ = {isa = PBXBuildFile; fileRef = E847E1151E267B1600337EE3 /* ViewController.swift */; };
		E847E1191E267B1600337EE3 /* Main.storyboard in Resources */ = {isa = PBXBuildFile; fileRef = E847E1171E267B1600337EE3 /* Main.storyboard */; };
		E847E11B1E267B1600337EE3 /* Assets.xcassets in Resources */ = {isa = PBXBuildFile; fileRef = E847E11A1E267B1600337EE3 /* Assets.xcassets */; };
		E847E11E1E267B1600337EE3 /* LaunchScreen.storyboard in Resources */ = {isa = PBXBuildFile; fileRef = E847E11C1E267B1600337EE3 /* LaunchScreen.storyboard */; };
		E847E1261E268AF200337EE3 /* SliderDosThumbs.swift in Sources */ = {isa = PBXBuildFile; fileRef = E847E1251E268AF100337EE3 /* SliderDosThumbs.swift */; };
		E847E12C1E268B8200337EE3 /* NOAARouter.swift in Sources */ = {isa = PBXBuildFile; fileRef = E847E1271E268B8200337EE3 /* NOAARouter.swift */; };
		E847E12D1E268B8200337EE3 /* NOAATempArrays.swift in Sources */ = {isa = PBXBuildFile; fileRef = E847E1281E268B8200337EE3 /* NOAATempArrays.swift */; };
		E847E12E1E268B8200337EE3 /* DateHandler.swift in Sources */ = {isa = PBXBuildFile; fileRef = E847E1291E268B8200337EE3 /* DateHandler.swift */; };
		E847E12F1E268B8200337EE3 /* APIManager.swift in Sources */ = {isa = PBXBuildFile; fileRef = E847E12A1E268B8200337EE3 /* APIManager.swift */; };
		E847E1301E268B8200337EE3 /* ArrayCalculations.swift in Sources */ = {isa = PBXBuildFile; fileRef = E847E12B1E268B8200337EE3 /* ArrayCalculations.swift */; };
		E847E1351E268FCE00337EE3 /* CropCharacteristics.swift in Sources */ = {isa = PBXBuildFile; fileRef = E847E1341E268FCE00337EE3 /* CropCharacteristics.swift */; };
/* End PBXBuildFile section */

/* Begin PBXFileReference section */
		4EEE321CF20E5DA54E0CF9D0 /* Pods-Scope.debug.xcconfig */ = {isa = PBXFileReference; includeInIndex = 1; lastKnownFileType = text.xcconfig; name = "Pods-Scope.debug.xcconfig"; path = "Pods/Target Support Files/Pods-Scope/Pods-Scope.debug.xcconfig"; sourceTree = "<group>"; };
		91F64D6EAF8CD4F017899622 /* Pods_Scope.framework */ = {isa = PBXFileReference; explicitFileType = wrapper.framework; includeInIndex = 0; path = Pods_Scope.framework; sourceTree = BUILT_PRODUCTS_DIR; };
		966755A55CAAD3913BA0EE8D /* Pods-Scope.release.xcconfig */ = {isa = PBXFileReference; includeInIndex = 1; lastKnownFileType = text.xcconfig; name = "Pods-Scope.release.xcconfig"; path = "Pods/Target Support Files/Pods-Scope/Pods-Scope.release.xcconfig"; sourceTree = "<group>"; };
		E847E1101E267B1500337EE3 /* Scope.app */ = {isa = PBXFileReference; explicitFileType = wrapper.application; includeInIndex = 0; path = Scope.app; sourceTree = BUILT_PRODUCTS_DIR; };
		E847E1131E267B1600337EE3 /* AppDelegate.swift */ = {isa = PBXFileReference; lastKnownFileType = sourcecode.swift; path = AppDelegate.swift; sourceTree = "<group>"; };
		E847E1151E267B1600337EE3 /* ViewController.swift */ = {isa = PBXFileReference; lastKnownFileType = sourcecode.swift; path = ViewController.swift; sourceTree = "<group>"; };
		E847E1181E267B1600337EE3 /* Base */ = {isa = PBXFileReference; lastKnownFileType = file.storyboard; name = Base; path = Base.lproj/Main.storyboard; sourceTree = "<group>"; };
		E847E11A1E267B1600337EE3 /* Assets.xcassets */ = {isa = PBXFileReference; lastKnownFileType = folder.assetcatalog; path = Assets.xcassets; sourceTree = "<group>"; };
		E847E11D1E267B1600337EE3 /* Base */ = {isa = PBXFileReference; lastKnownFileType = file.storyboard; name = Base; path = Base.lproj/LaunchScreen.storyboard; sourceTree = "<group>"; };
		E847E11F1E267B1600337EE3 /* Info.plist */ = {isa = PBXFileReference; lastKnownFileType = text.plist.xml; path = Info.plist; sourceTree = "<group>"; };
		E847E1251E268AF100337EE3 /* SliderDosThumbs.swift */ = {isa = PBXFileReference; fileEncoding = 4; lastKnownFileType = sourcecode.swift; path = SliderDosThumbs.swift; sourceTree = "<group>"; };
		E847E1271E268B8200337EE3 /* NOAARouter.swift */ = {isa = PBXFileReference; fileEncoding = 4; lastKnownFileType = sourcecode.swift; path = NOAARouter.swift; sourceTree = "<group>"; };
		E847E1281E268B8200337EE3 /* NOAATempArrays.swift */ = {isa = PBXFileReference; fileEncoding = 4; lastKnownFileType = sourcecode.swift; path = NOAATempArrays.swift; sourceTree = "<group>"; };
		E847E1291E268B8200337EE3 /* DateHandler.swift */ = {isa = PBXFileReference; fileEncoding = 4; lastKnownFileType = sourcecode.swift; path = DateHandler.swift; sourceTree = "<group>"; };
		E847E12A1E268B8200337EE3 /* APIManager.swift */ = {isa = PBXFileReference; fileEncoding = 4; lastKnownFileType = sourcecode.swift; path = APIManager.swift; sourceTree = "<group>"; };
		E847E12B1E268B8200337EE3 /* ArrayCalculations.swift */ = {isa = PBXFileReference; fileEncoding = 4; lastKnownFileType = sourcecode.swift; path = ArrayCalculations.swift; sourceTree = "<group>"; };
		E847E1341E268FCE00337EE3 /* CropCharacteristics.swift */ = {isa = PBXFileReference; fileEncoding = 4; lastKnownFileType = sourcecode.swift; path = CropCharacteristics.swift; sourceTree = "<group>"; };
/* End PBXFileReference section */

/* Begin PBXFrameworksBuildPhase section */
		E847E10D1E267B1500337EE3 /* Frameworks */ = {
			isa = PBXFrameworksBuildPhase;
			buildActionMask = 2147483647;
			files = (
				3D59C4CDF47A4BB1D9A9685D /* Pods_Scope.framework in Frameworks */,
			);
			runOnlyForDeploymentPostprocessing = 0;
		};
/* End PBXFrameworksBuildPhase section */

/* Begin PBXGroup section */
		3CE76A87CA8C6780CC1E48C0 /* Frameworks */ = {
			isa = PBXGroup;
			children = (
				91F64D6EAF8CD4F017899622 /* Pods_Scope.framework */,
			);
			name = Frameworks;
			sourceTree = "<group>";
		};
		E75D3AEA79853D89EC330A54 /* Pods */ = {
			isa = PBXGroup;
			children = (
				4EEE321CF20E5DA54E0CF9D0 /* Pods-Scope.debug.xcconfig */,
				966755A55CAAD3913BA0EE8D /* Pods-Scope.release.xcconfig */,
			);
			name = Pods;
			sourceTree = "<group>";
		};
		E847E1071E267B1500337EE3 = {
			isa = PBXGroup;
			children = (
				E847E1121E267B1500337EE3 /* Scope */,
				E847E1111E267B1500337EE3 /* Products */,
				E75D3AEA79853D89EC330A54 /* Pods */,
				3CE76A87CA8C6780CC1E48C0 /* Frameworks */,
			);
			sourceTree = "<group>";
		};
		E847E1111E267B1500337EE3 /* Products */ = {
			isa = PBXGroup;
			children = (
				E847E1101E267B1500337EE3 /* Scope.app */,
			);
			name = Products;
			sourceTree = "<group>";
		};
		E847E1121E267B1500337EE3 /* Scope */ = {
			isa = PBXGroup;
			children = (
				E847E1171E267B1600337EE3 /* Main.storyboard */,
				E847E1131E267B1600337EE3 /* AppDelegate.swift */,
				E847E1311E268BD900337EE3 /* View Controllers */,
				E847E1321E268C0000337EE3 /* Web Requests */,
				E847E1331E268C2E00337EE3 /* Helpers */,
				E847E11A1E267B1600337EE3 /* Assets.xcassets */,
				E847E11C1E267B1600337EE3 /* LaunchScreen.storyboard */,
				E847E11F1E267B1600337EE3 /* Info.plist */,
			);
			path = Scope;
			sourceTree = "<group>";
		};
		E847E1311E268BD900337EE3 /* View Controllers */ = {
			isa = PBXGroup;
			children = (
				E847E1151E267B1600337EE3 /* ViewController.swift */,
			);
			name = "View Controllers";
			sourceTree = "<group>";
		};
		E847E1321E268C0000337EE3 /* Web Requests */ = {
			isa = PBXGroup;
			children = (
				E847E12A1E268B8200337EE3 /* APIManager.swift */,
				E847E1271E268B8200337EE3 /* NOAARouter.swift */,
			);
			name = "Web Requests";
			sourceTree = "<group>";
		};
		E847E1331E268C2E00337EE3 /* Helpers */ = {
			isa = PBXGroup;
			children = (
				E847E12B1E268B8200337EE3 /* ArrayCalculations.swift */,
				E847E1291E268B8200337EE3 /* DateHandler.swift */,
				E847E1281E268B8200337EE3 /* NOAATempArrays.swift */,
				E847E1251E268AF100337EE3 /* SliderDosThumbs.swift */,
				E847E1341E268FCE00337EE3 /* CropCharacteristics.swift */,
			);
			name = Helpers;
			sourceTree = "<group>";
		};
/* End PBXGroup section */

/* Begin PBXNativeTarget section */
		E847E10F1E267B1500337EE3 /* Scope */ = {
			isa = PBXNativeTarget;
			buildConfigurationList = E847E1221E267B1600337EE3 /* Build configuration list for PBXNativeTarget "Scope" */;
			buildPhases = (
				657A1D98556F153D1A8F59B5 /* [CP] Check Pods Manifest.lock */,
				E847E10C1E267B1500337EE3 /* Sources */,
				E847E10D1E267B1500337EE3 /* Frameworks */,
				E847E10E1E267B1500337EE3 /* Resources */,
				EE0E03D606E6FB1599211EED /* [CP] Embed Pods Frameworks */,
				308BEE565624DE6C385C7485 /* [CP] Copy Pods Resources */,
			);
			buildRules = (
			);
			dependencies = (
			);
			name = Scope;
			productName = Scope;
			productReference = E847E1101E267B1500337EE3 /* Scope.app */;
			productType = "com.apple.product-type.application";
		};
/* End PBXNativeTarget section */

/* Begin PBXProject section */
		E847E1081E267B1500337EE3 /* Project object */ = {
			isa = PBXProject;
			attributes = {
				LastSwiftUpdateCheck = 0820;
				LastUpgradeCheck = 0820;
				ORGANIZATIONNAME = "Julian Post";
				TargetAttributes = {
					E847E10F1E267B1500337EE3 = {
						CreatedOnToolsVersion = 8.2.1;
						DevelopmentTeam = J366ESWQGT;
						ProvisioningStyle = Automatic;
					};
				};
			};
			buildConfigurationList = E847E10B1E267B1500337EE3 /* Build configuration list for PBXProject "Scope" */;
			compatibilityVersion = "Xcode 3.2";
			developmentRegion = English;
			hasScannedForEncodings = 0;
			knownRegions = (
				en,
				Base,
			);
			mainGroup = E847E1071E267B1500337EE3;
			productRefGroup = E847E1111E267B1500337EE3 /* Products */;
			projectDirPath = "";
			projectRoot = "";
			targets = (
				E847E10F1E267B1500337EE3 /* Scope */,
			);
		};
/* End PBXProject section */

/* Begin PBXResourcesBuildPhase section */
		E847E10E1E267B1500337EE3 /* Resources */ = {
			isa = PBXResourcesBuildPhase;
			buildActionMask = 2147483647;
			files = (
				E847E11E1E267B1600337EE3 /* LaunchScreen.storyboard in Resources */,
				E847E11B1E267B1600337EE3 /* Assets.xcassets in Resources */,
				E847E1191E267B1600337EE3 /* Main.storyboard in Resources */,
			);
			runOnlyForDeploymentPostprocessing = 0;
		};
/* End PBXResourcesBuildPhase section */

/* Begin PBXShellScriptBuildPhase section */
		308BEE565624DE6C385C7485 /* [CP] Copy Pods Resources */ = {
			isa = PBXShellScriptBuildPhase;
			buildActionMask = 2147483647;
			files = (
			);
			inputPaths = (
			);
			name = "[CP] Copy Pods Resources";
			outputPaths = (
			);
			runOnlyForDeploymentPostprocessing = 0;
			shellPath = /bin/sh;
			shellScript = "\"${SRCROOT}/Pods/Target Support Files/Pods-Scope/Pods-Scope-resources.sh\"\n";
			showEnvVarsInLog = 0;
		};
		657A1D98556F153D1A8F59B5 /* [CP] Check Pods Manifest.lock */ = {
			isa = PBXShellScriptBuildPhase;
			buildActionMask = 2147483647;
			files = (
			);
			inputPaths = (
			);
			name = "[CP] Check Pods Manifest.lock";
			outputPaths = (
			);
			runOnlyForDeploymentPostprocessing = 0;
			shellPath = /bin/sh;
			shellScript = "diff \"${PODS_ROOT}/../Podfile.lock\" \"${PODS_ROOT}/Manifest.lock\" > /dev/null\nif [ $? != 0 ] ; then\n    # print error to STDERR\n    echo \"error: The sandbox is not in sync with the Podfile.lock. Run 'pod install' or update your CocoaPods installation.\" >&2\n    exit 1\nfi\n";
			showEnvVarsInLog = 0;
		};
		EE0E03D606E6FB1599211EED /* [CP] Embed Pods Frameworks */ = {
			isa = PBXShellScriptBuildPhase;
			buildActionMask = 2147483647;
			files = (
			);
			inputPaths = (
			);
			name = "[CP] Embed Pods Frameworks";
			outputPaths = (
			);
			runOnlyForDeploymentPostprocessing = 0;
			shellPath = /bin/sh;
			shellScript = "\"${SRCROOT}/Pods/Target Support Files/Pods-Scope/Pods-Scope-frameworks.sh\"\n";
			showEnvVarsInLog = 0;
		};
/* End PBXShellScriptBuildPhase section */

/* Begin PBXSourcesBuildPhase section */
		E847E10C1E267B1500337EE3 /* Sources */ = {
			isa = PBXSourcesBuildPhase;
			buildActionMask = 2147483647;
			files = (
				E847E1161E267B1600337EE3 /* ViewController.swift in Sources */,
				E847E12D1E268B8200337EE3 /* NOAATempArrays.swift in Sources */,
				E847E1351E268FCE00337EE3 /* CropCharacteristics.swift in Sources */,
				E847E12E1E268B8200337EE3 /* DateHandler.swift in Sources */,
				E847E1301E268B8200337EE3 /* ArrayCalculations.swift in Sources */,
				E847E1261E268AF200337EE3 /* SliderDosThumbs.swift in Sources */,
				E847E1141E267B1600337EE3 /* AppDelegate.swift in Sources */,
				E847E12C1E268B8200337EE3 /* NOAARouter.swift in Sources */,
				E847E12F1E268B8200337EE3 /* APIManager.swift in Sources */,
			);
			runOnlyForDeploymentPostprocessing = 0;
		};
/* End PBXSourcesBuildPhase section */

/* Begin PBXVariantGroup section */
		E847E1171E267B1600337EE3 /* Main.storyboard */ = {
			isa = PBXVariantGroup;
			children = (
				E847E1181E267B1600337EE3 /* Base */,
			);
			name = Main.storyboard;
			sourceTree = "<group>";
		};
		E847E11C1E267B1600337EE3 /* LaunchScreen.storyboard */ = {
			isa = PBXVariantGroup;
			children = (
				E847E11D1E267B1600337EE3 /* Base */,
			);
			name = LaunchScreen.storyboard;
			sourceTree = "<group>";
		};
/* End PBXVariantGroup section */

/* Begin XCBuildConfiguration section */
		E847E1201E267B1600337EE3 /* Debug */ = {
			isa = XCBuildConfiguration;
			buildSettings = {
				ALWAYS_SEARCH_USER_PATHS = NO;
				CLANG_ANALYZER_NONNULL = YES;
				CLANG_CXX_LANGUAGE_STANDARD = "gnu++0x";
				CLANG_CXX_LIBRARY = "libc++";
				CLANG_ENABLE_MODULES = YES;
				CLANG_ENABLE_OBJC_ARC = YES;
				CLANG_WARN_BOOL_CONVERSION = YES;
				CLANG_WARN_CONSTANT_CONVERSION = YES;
				CLANG_WARN_DIRECT_OBJC_ISA_USAGE = YES_ERROR;
				CLANG_WARN_DOCUMENTATION_COMMENTS = YES;
				CLANG_WARN_EMPTY_BODY = YES;
				CLANG_WARN_ENUM_CONVERSION = YES;
				CLANG_WARN_INFINITE_RECURSION = YES;
				CLANG_WARN_INT_CONVERSION = YES;
				CLANG_WARN_OBJC_ROOT_CLASS = YES_ERROR;
				CLANG_WARN_SUSPICIOUS_MOVE = YES;
				CLANG_WARN_UNREACHABLE_CODE = YES;
				CLANG_WARN__DUPLICATE_METHOD_MATCH = YES;
				"CODE_SIGN_IDENTITY[sdk=iphoneos*]" = "iPhone Developer";
				COPY_PHASE_STRIP = NO;
				DEBUG_INFORMATION_FORMAT = dwarf;
				ENABLE_STRICT_OBJC_MSGSEND = YES;
				ENABLE_TESTABILITY = YES;
				GCC_C_LANGUAGE_STANDARD = gnu99;
				GCC_DYNAMIC_NO_PIC = NO;
				GCC_NO_COMMON_BLOCKS = YES;
				GCC_OPTIMIZATION_LEVEL = 0;
				GCC_PREPROCESSOR_DEFINITIONS = (
					"DEBUG=1",
					"$(inherited)",
				);
				GCC_WARN_64_TO_32_BIT_CONVERSION = YES;
				GCC_WARN_ABOUT_RETURN_TYPE = YES_ERROR;
				GCC_WARN_UNDECLARED_SELECTOR = YES;
				GCC_WARN_UNINITIALIZED_AUTOS = YES_AGGRESSIVE;
				GCC_WARN_UNUSED_FUNCTION = YES;
				GCC_WARN_UNUSED_VARIABLE = YES;
				IPHONEOS_DEPLOYMENT_TARGET = 10.2;
				MTL_ENABLE_DEBUG_INFO = YES;
				ONLY_ACTIVE_ARCH = YES;
				SDKROOT = iphoneos;
				SWIFT_ACTIVE_COMPILATION_CONDITIONS = DEBUG;
				SWIFT_OPTIMIZATION_LEVEL = "-Onone";
			};
			name = Debug;
		};
		E847E1211E267B1600337EE3 /* Release */ = {
			isa = XCBuildConfiguration;
			buildSettings = {
				ALWAYS_SEARCH_USER_PATHS = NO;
				CLANG_ANALYZER_NONNULL = YES;
				CLANG_CXX_LANGUAGE_STANDARD = "gnu++0x";
				CLANG_CXX_LIBRARY = "libc++";
				CLANG_ENABLE_MODULES = YES;
				CLANG_ENABLE_OBJC_ARC = YES;
				CLANG_WARN_BOOL_CONVERSION = YES;
				CLANG_WARN_CONSTANT_CONVERSION = YES;
				CLANG_WARN_DIRECT_OBJC_ISA_USAGE = YES_ERROR;
				CLANG_WARN_DOCUMENTATION_COMMENTS = YES;
				CLANG_WARN_EMPTY_BODY = YES;
				CLANG_WARN_ENUM_CONVERSION = YES;
				CLANG_WARN_INFINITE_RECURSION = YES;
				CLANG_WARN_INT_CONVERSION = YES;
				CLANG_WARN_OBJC_ROOT_CLASS = YES_ERROR;
				CLANG_WARN_SUSPICIOUS_MOVE = YES;
				CLANG_WARN_UNREACHABLE_CODE = YES;
				CLANG_WARN__DUPLICATE_METHOD_MATCH = YES;
				"CODE_SIGN_IDENTITY[sdk=iphoneos*]" = "iPhone Developer";
				COPY_PHASE_STRIP = NO;
				DEBUG_INFORMATION_FORMAT = "dwarf-with-dsym";
				ENABLE_NS_ASSERTIONS = NO;
				ENABLE_STRICT_OBJC_MSGSEND = YES;
				GCC_C_LANGUAGE_STANDARD = gnu99;
				GCC_NO_COMMON_BLOCKS = YES;
				GCC_WARN_64_TO_32_BIT_CONVERSION = YES;
				GCC_WARN_ABOUT_RETURN_TYPE = YES_ERROR;
				GCC_WARN_UNDECLARED_SELECTOR = YES;
				GCC_WARN_UNINITIALIZED_AUTOS = YES_AGGRESSIVE;
				GCC_WARN_UNUSED_FUNCTION = YES;
				GCC_WARN_UNUSED_VARIABLE = YES;
				IPHONEOS_DEPLOYMENT_TARGET = 10.2;
				MTL_ENABLE_DEBUG_INFO = NO;
				SDKROOT = iphoneos;
				SWIFT_OPTIMIZATION_LEVEL = "-Owholemodule";
				VALIDATE_PRODUCT = YES;
			};
			name = Release;
		};
		E847E1231E267B1600337EE3 /* Debug */ = {
			isa = XCBuildConfiguration;
			baseConfigurationReference = 4EEE321CF20E5DA54E0CF9D0 /* Pods-Scope.debug.xcconfig */;
			buildSettings = {
				ASSETCATALOG_COMPILER_APPICON_NAME = AppIcon;
				DEVELOPMENT_TEAM = J366ESWQGT;
				INFOPLIST_FILE = Scope/Info.plist;
				LD_RUNPATH_SEARCH_PATHS = "$(inherited) @executable_path/Frameworks";
				PRODUCT_BUNDLE_IDENTIFIER = jp.Scope;
				PRODUCT_NAME = "$(TARGET_NAME)";
				SWIFT_VERSION = 3.0;
			};
			name = Debug;
		};
		E847E1241E267B1600337EE3 /* Release */ = {
			isa = XCBuildConfiguration;
			baseConfigurationReference = 966755A55CAAD3913BA0EE8D /* Pods-Scope.release.xcconfig */;
			buildSettings = {
				ASSETCATALOG_COMPILER_APPICON_NAME = AppIcon;
				DEVELOPMENT_TEAM = J366ESWQGT;
				INFOPLIST_FILE = Scope/Info.plist;
				LD_RUNPATH_SEARCH_PATHS = "$(inherited) @executable_path/Frameworks";
				PRODUCT_BUNDLE_IDENTIFIER = jp.Scope;
				PRODUCT_NAME = "$(TARGET_NAME)";
				SWIFT_VERSION = 3.0;
			};
			name = Release;
		};
/* End XCBuildConfiguration section */

/* Begin XCConfigurationList section */
		E847E10B1E267B1500337EE3 /* Build configuration list for PBXProject "Scope" */ = {
			isa = XCConfigurationList;
			buildConfigurations = (
				E847E1201E267B1600337EE3 /* Debug */,
				E847E1211E267B1600337EE3 /* Release */,
			);
			defaultConfigurationIsVisible = 0;
			defaultConfigurationName = Release;
		};
		E847E1221E267B1600337EE3 /* Build configuration list for PBXNativeTarget "Scope" */ = {
			isa = XCConfigurationList;
			buildConfigurations = (
				E847E1231E267B1600337EE3 /* Debug */,
				E847E1241E267B1600337EE3 /* Release */,
			);
			defaultConfigurationIsVisible = 0;
			defaultConfigurationName = Release;
		};
/* End XCConfigurationList section */
	};
	rootObject = E847E1081E267B1500337EE3 /* Project object */;
}
